
Microsoft Visual Studio Solution File, Format Version 12.00
# Visual Studio Version 17
VisualStudioVersion = 17.14.36518.9 d17.14
MinimumVisualStudioVersion = 10.0.40219.1
Project("{FAE04EC0-301F-11D3-BF4B-00C04F79EFBC}") = "LAB02-01", "..\LAB02-01.csproj", "{036F6C33-3A81-49C3-859D-EF87DD80E023}"
EndProject
Global
	GlobalSection(SolutionConfigurationPlatforms) = preSolution
		Debug|Any CPU = Debug|Any CPU
		Release|Any CPU = Release|Any CPU
	EndGlobalSection
	GlobalSection(ProjectConfigurationPlatforms) = postSolution
		{036F6C33-3A81-49C3-859D-EF87DD80E023}.Debug|Any CPU.ActiveCfg = Debug|Any CPU
		{036F6C33-3A81-49C3-859D-EF87DD80E023}.Debug|Any CPU.Build.0 = Debug|Any CPU
		{036F6C33-3A81-49C3-859D-EF87DD80E023}.Release|Any CPU.ActiveCfg = Release|Any CPU
		{036F6C33-3A81-49C3-859D-EF87DD80E023}.Release|Any CPU.Build.0 = Release|Any CPU
	EndGlobalSection
	GlobalSection(SolutionProperties) = preSolution
		HideSolutionNode = FALSE
	EndGlobalSection
	GlobalSection(ExtensibilityGlobals) = postSolution
		SolutionGuid = {CF4E10EA-4E7E-4BB1-99C8-86754C6FB05F}
	EndGlobalSection
EndGlobal
