
Microsoft Visual Studio Solution File, Format Version 12.00
# Visual Studio Version 17
VisualStudioVersion = 17.14.36518.9 d17.14
MinimumVisualStudioVersion = 10.0.40219.1
Project("{FAE04EC0-301F-11D3-BF4B-00C04F79EFBC}") = "ConsoleApp6", "ConsoleApp6\ConsoleApp6.csproj", "{230BA2B3-7757-4322-9734-0A71B6087A06}"
EndProject
Global
	GlobalSection(SolutionConfigurationPlatforms) = preSolution
		Debug|Any CPU = Debug|Any CPU
		Release|Any CPU = Release|Any CPU
	EndGlobalSection
	GlobalSection(ProjectConfigurationPlatforms) = postSolution
		{230BA2B3-7757-4322-9734-0A71B6087A06}.Debug|Any CPU.ActiveCfg = Debug|Any CPU
		{230BA2B3-7757-4322-9734-0A71B6087A06}.Debug|Any CPU.Build.0 = Debug|Any CPU
		{230BA2B3-7757-4322-9734-0A71B6087A06}.Release|Any CPU.ActiveCfg = Release|Any CPU
		{230BA2B3-7757-4322-9734-0A71B6087A06}.Release|Any CPU.Build.0 = Release|Any CPU
	EndGlobalSection
	GlobalSection(SolutionProperties) = preSolution
		HideSolutionNode = FALSE
	EndGlobalSection
	GlobalSection(ExtensibilityGlobals) = postSolution
		SolutionGuid = {6F0A7D3D-E108-48FA-B99E-374CA76BA5FE}
	EndGlobalSection
EndGlobal
