
Microsoft Visual Studio Solution File, Format Version 12.00
# Visual Studio Version 17
VisualStudioVersion = 17.14.36518.9 d17.14
MinimumVisualStudioVersion = 10.0.40219.1
Project("{FAE04EC0-301F-11D3-BF4B-00C04F79EFBC}") = "LAB01", "LAB01.csproj", "{5987D16C-33A1-4098-9155-CE961D6EE013}"
EndProject
Global
	GlobalSection(SolutionConfigurationPlatforms) = preSolution
		Debug|Any CPU = Debug|Any CPU
		Release|Any CPU = Release|Any CPU
	EndGlobalSection
	GlobalSection(ProjectConfigurationPlatforms) = postSolution
		{5987D16C-33A1-4098-9155-CE961D6EE013}.Debug|Any CPU.ActiveCfg = Debug|Any CPU
		{5987D16C-33A1-4098-9155-CE961D6EE013}.Debug|Any CPU.Build.0 = Debug|Any CPU
		{5987D16C-33A1-4098-9155-CE961D6EE013}.Release|Any CPU.ActiveCfg = Release|Any CPU
		{5987D16C-33A1-4098-9155-CE961D6EE013}.Release|Any CPU.Build.0 = Release|Any CPU
	EndGlobalSection
	GlobalSection(SolutionProperties) = preSolution
		HideSolutionNode = FALSE
	EndGlobalSection
	GlobalSection(ExtensibilityGlobals) = postSolution
		SolutionGuid = {54784256-E554-4EB5-A57B-E722A836D9D0}
	EndGlobalSection
EndGlobal
